
Microsoft Visual Studio Solution File, Format Version 12.00
# Visual Studio Version 17
VisualStudioVersion = 17.5.002.0
MinimumVisualStudioVersion = 10.0.40219.1
Project("{FAE04EC0-301F-11D3-BF4B-00C04F79EFBC}") = "YorumSatırıVeHelloWorld1", "YorumSatırıVeHelloWorld1\YorumSatırıVeHelloWorld1.csproj", "{D1F5995C-0358-4CF2-86D8-59E37CBF5511}"
EndProject
Project("{FAE04EC0-301F-11D3-BF4B-00C04F79EFBC}") = "VeriTipiDataTypes", "VeriTipiDataTypes\VeriTipiDataTypes.csproj", "{D180F9AB-B2D2-4C62-A179-F92F5886E7DB}"
EndProject
Project("{FAE04EC0-301F-11D3-BF4B-00C04F79EFBC}") = "ByteVeriTipi", "ByteVeriTipi\ByteVeriTipi.csproj", "{2B669CF7-A925-44E9-8124-85C872A8D1AF}"
EndProject
Project("{FAE04EC0-301F-11D3-BF4B-00C04F79EFBC}") = "ShortVeriTipi", "ShortVeriTipi\ShortVeriTipi.csproj", "{72AEEA91-3091-4D19-AFA8-035949B0E471}"
EndProject
Project("{FAE04EC0-301F-11D3-BF4B-00C04F79EFBC}") = "İntVeriTipi", "İntVeriTipi\İntVeriTipi.csproj", "{29E0D8E4-E469-4D0E-B1B4-296A8DB1E6EE}"
EndProject
Project("{FAE04EC0-301F-11D3-BF4B-00C04F79EFBC}") = "LongVeriTipi", "LongVeriTipi\LongVeriTipi.csproj", "{F3E77F29-9E0C-430B-89EA-44C0C3859B1A}"
EndProject
Project("{FAE04EC0-301F-11D3-BF4B-00C04F79EFBC}") = "FloatVeriTipi", "FloatVeriTipi\FloatVeriTipi.csproj", "{6F6B8C65-B85B-4937-9F18-950813E469D2}"
EndProject
Project("{FAE04EC0-301F-11D3-BF4B-00C04F79EFBC}") = "DoubleVeriTipi", "DoubleVeriTipi\DoubleVeriTipi.csproj", "{2FEA658B-16D7-46C4-AFDF-D0958EAC9DE7}"
EndProject
Project("{FAE04EC0-301F-11D3-BF4B-00C04F79EFBC}") = "CharVeriTipi", "CharVeriTipi\CharVeriTipi.csproj", "{4D073632-4CC9-40F9-9AF5-354FDA68D628}"
EndProject
Project("{FAE04EC0-301F-11D3-BF4B-00C04F79EFBC}") = "StringVeriTipi", "StringVeriTipi\StringVeriTipi.csproj", "{D58CDB4D-86B0-4479-B6E4-01AF54953F0B}"
EndProject
Project("{FAE04EC0-301F-11D3-BF4B-00C04F79EFBC}") = "BoolVeriTipi", "BoolVeriTipi\BoolVeriTipi.csproj", "{03F7A793-5245-4CF6-8D97-6685AF80274C}"
EndProject
Project("{FAE04EC0-301F-11D3-BF4B-00C04F79EFBC}") = "ObjectVeriTipi", "ObjectVeriTipi\ObjectVeriTipi.csproj", "{37BB7F67-1DC6-43C1-BD61-9E250FA88480}"
EndProject
Project("{FAE04EC0-301F-11D3-BF4B-00C04F79EFBC}") = "ToplamaOperatörü", "ToplamaOperatörü\ToplamaOperatörü.csproj", "{DBA2E571-C5F8-4AE8-BF53-C49F21A1D212}"
EndProject
Project("{FAE04EC0-301F-11D3-BF4B-00C04F79EFBC}") = "ÇarpmaVeBölme", "ÇarpmaVeBölme\ÇarpmaVeBölme.csproj", "{86BCABD8-34E8-46F2-9256-A8233EDD8843}"
EndProject
Project("{FAE04EC0-301F-11D3-BF4B-00C04F79EFBC}") = "ModAlmaOperatörü", "ModAlmaOperatörü\ModAlmaOperatörü.csproj", "{56C24EE3-2935-4B1B-AF4F-814E2821FAF4}"
EndProject
Project("{FAE04EC0-301F-11D3-BF4B-00C04F79EFBC}") = "ArttırmaVeAzalatmaOperatörü", "ArttırmaVeAzalatmaOperatörü\ArttırmaVeAzalatmaOperatörü.csproj", "{6602556C-F978-4A35-8FDB-08430162EE23}"
EndProject
Project("{FAE04EC0-301F-11D3-BF4B-00C04F79EFBC}") = "AtamaOperaoru", "AtamaOperaoru\AtamaOperaoru.csproj", "{6FA1620E-424C-4AE0-85AF-D45740A74422}"
EndProject
Project("{FAE04EC0-301F-11D3-BF4B-00C04F79EFBC}") = "EşittirOperatörü", "EşittirOperatörü\EşittirOperatörü.csproj", "{208D4E3A-213A-4366-AE65-5818AD02DA82}"
EndProject
Project("{FAE04EC0-301F-11D3-BF4B-00C04F79EFBC}") = "EşitDeğildirOperatörü", "EşitDeğildirOperatörü\EşitDeğildirOperatörü.csproj", "{7E822BEE-057F-4986-B8FA-27AEAAFD87BB}"
EndProject
Project("{FAE04EC0-301F-11D3-BF4B-00C04F79EFBC}") = "BüyüktürVeBüyükEşitOperatörü", "BüyüktürVeBüyükEşitOperatörü\BüyüktürVeBüyükEşitOperatörü.csproj", "{D33E5AA2-AC53-4948-8A0C-9C760EB9622F}"
EndProject
Project("{FAE04EC0-301F-11D3-BF4B-00C04F79EFBC}") = "KüçüktürVeKüçükEşitOperatörü", "KüçüktürVeKüçükEşitOperatörü\KüçüktürVeKüçükEşitOperatörü.csproj", "{114EE38C-5B7D-4319-8D97-73288141AEA1}"
EndProject
Project("{FAE04EC0-301F-11D3-BF4B-00C04F79EFBC}") = "VeOperatörü", "VeOperatörü\VeOperatörü.csproj", "{0B51316A-6BAE-45C5-8B0C-E8312EDB33C7}"
EndProject
Project("{FAE04EC0-301F-11D3-BF4B-00C04F79EFBC}") = "VeyaOperatörü", "VeyaOperatörü\VeyaOperatörü.csproj", "{F2E45143-564B-4C79-8A6C-3A1DC68A5537}"
EndProject
Project("{FAE04EC0-301F-11D3-BF4B-00C04F79EFBC}") = "DeğilOperatörü", "DeğilOperatörü\DeğilOperatörü.csproj", "{48E2EEC6-277D-4AA3-8739-0D5A9F611B6E}"
EndProject
Project("{FAE04EC0-301F-11D3-BF4B-00C04F79EFBC}") = "EkOparatörleri", "EkOparatörleri\EkOparatörleri.csproj", "{2E28CE5A-9AF2-4243-9D14-05A5BDD81DA6}"
EndProject
Global
	GlobalSection(SolutionConfigurationPlatforms) = preSolution
		Debug|Any CPU = Debug|Any CPU
		Release|Any CPU = Release|Any CPU
	EndGlobalSection
	GlobalSection(ProjectConfigurationPlatforms) = postSolution
		{D1F5995C-0358-4CF2-86D8-59E37CBF5511}.Debug|Any CPU.ActiveCfg = Debug|Any CPU
		{D1F5995C-0358-4CF2-86D8-59E37CBF5511}.Debug|Any CPU.Build.0 = Debug|Any CPU
		{D1F5995C-0358-4CF2-86D8-59E37CBF5511}.Release|Any CPU.ActiveCfg = Release|Any CPU
		{D1F5995C-0358-4CF2-86D8-59E37CBF5511}.Release|Any CPU.Build.0 = Release|Any CPU
		{D180F9AB-B2D2-4C62-A179-F92F5886E7DB}.Debug|Any CPU.ActiveCfg = Debug|Any CPU
		{D180F9AB-B2D2-4C62-A179-F92F5886E7DB}.Debug|Any CPU.Build.0 = Debug|Any CPU
		{D180F9AB-B2D2-4C62-A179-F92F5886E7DB}.Release|Any CPU.ActiveCfg = Release|Any CPU
		{D180F9AB-B2D2-4C62-A179-F92F5886E7DB}.Release|Any CPU.Build.0 = Release|Any CPU
		{2B669CF7-A925-44E9-8124-85C872A8D1AF}.Debug|Any CPU.ActiveCfg = Debug|Any CPU
		{2B669CF7-A925-44E9-8124-85C872A8D1AF}.Debug|Any CPU.Build.0 = Debug|Any CPU
		{2B669CF7-A925-44E9-8124-85C872A8D1AF}.Release|Any CPU.ActiveCfg = Release|Any CPU
		{2B669CF7-A925-44E9-8124-85C872A8D1AF}.Release|Any CPU.Build.0 = Release|Any CPU
		{72AEEA91-3091-4D19-AFA8-035949B0E471}.Debug|Any CPU.ActiveCfg = Debug|Any CPU
		{72AEEA91-3091-4D19-AFA8-035949B0E471}.Debug|Any CPU.Build.0 = Debug|Any CPU
		{72AEEA91-3091-4D19-AFA8-035949B0E471}.Release|Any CPU.ActiveCfg = Release|Any CPU
		{72AEEA91-3091-4D19-AFA8-035949B0E471}.Release|Any CPU.Build.0 = Release|Any CPU
		{29E0D8E4-E469-4D0E-B1B4-296A8DB1E6EE}.Debug|Any CPU.ActiveCfg = Debug|Any CPU
		{29E0D8E4-E469-4D0E-B1B4-296A8DB1E6EE}.Debug|Any CPU.Build.0 = Debug|Any CPU
		{29E0D8E4-E469-4D0E-B1B4-296A8DB1E6EE}.Release|Any CPU.ActiveCfg = Release|Any CPU
		{29E0D8E4-E469-4D0E-B1B4-296A8DB1E6EE}.Release|Any CPU.Build.0 = Release|Any CPU
		{F3E77F29-9E0C-430B-89EA-44C0C3859B1A}.Debug|Any CPU.ActiveCfg = Debug|Any CPU
		{F3E77F29-9E0C-430B-89EA-44C0C3859B1A}.Debug|Any CPU.Build.0 = Debug|Any CPU
		{F3E77F29-9E0C-430B-89EA-44C0C3859B1A}.Release|Any CPU.ActiveCfg = Release|Any CPU
		{F3E77F29-9E0C-430B-89EA-44C0C3859B1A}.Release|Any CPU.Build.0 = Release|Any CPU
		{6F6B8C65-B85B-4937-9F18-950813E469D2}.Debug|Any CPU.ActiveCfg = Debug|Any CPU
		{6F6B8C65-B85B-4937-9F18-950813E469D2}.Debug|Any CPU.Build.0 = Debug|Any CPU
		{6F6B8C65-B85B-4937-9F18-950813E469D2}.Release|Any CPU.ActiveCfg = Release|Any CPU
		{6F6B8C65-B85B-4937-9F18-950813E469D2}.Release|Any CPU.Build.0 = Release|Any CPU
		{2FEA658B-16D7-46C4-AFDF-D0958EAC9DE7}.Debug|Any CPU.ActiveCfg = Debug|Any CPU
		{2FEA658B-16D7-46C4-AFDF-D0958EAC9DE7}.Debug|Any CPU.Build.0 = Debug|Any CPU
		{2FEA658B-16D7-46C4-AFDF-D0958EAC9DE7}.Release|Any CPU.ActiveCfg = Release|Any CPU
		{2FEA658B-16D7-46C4-AFDF-D0958EAC9DE7}.Release|Any CPU.Build.0 = Release|Any CPU
		{4D073632-4CC9-40F9-9AF5-354FDA68D628}.Debug|Any CPU.ActiveCfg = Debug|Any CPU
		{4D073632-4CC9-40F9-9AF5-354FDA68D628}.Debug|Any CPU.Build.0 = Debug|Any CPU
		{4D073632-4CC9-40F9-9AF5-354FDA68D628}.Release|Any CPU.ActiveCfg = Release|Any CPU
		{4D073632-4CC9-40F9-9AF5-354FDA68D628}.Release|Any CPU.Build.0 = Release|Any CPU
		{D58CDB4D-86B0-4479-B6E4-01AF54953F0B}.Debug|Any CPU.ActiveCfg = Debug|Any CPU
		{D58CDB4D-86B0-4479-B6E4-01AF54953F0B}.Debug|Any CPU.Build.0 = Debug|Any CPU
		{D58CDB4D-86B0-4479-B6E4-01AF54953F0B}.Release|Any CPU.ActiveCfg = Release|Any CPU
		{D58CDB4D-86B0-4479-B6E4-01AF54953F0B}.Release|Any CPU.Build.0 = Release|Any CPU
		{03F7A793-5245-4CF6-8D97-6685AF80274C}.Debug|Any CPU.ActiveCfg = Debug|Any CPU
		{03F7A793-5245-4CF6-8D97-6685AF80274C}.Debug|Any CPU.Build.0 = Debug|Any CPU
		{03F7A793-5245-4CF6-8D97-6685AF80274C}.Release|Any CPU.ActiveCfg = Release|Any CPU
		{03F7A793-5245-4CF6-8D97-6685AF80274C}.Release|Any CPU.Build.0 = Release|Any CPU
		{37BB7F67-1DC6-43C1-BD61-9E250FA88480}.Debug|Any CPU.ActiveCfg = Debug|Any CPU
		{37BB7F67-1DC6-43C1-BD61-9E250FA88480}.Debug|Any CPU.Build.0 = Debug|Any CPU
		{37BB7F67-1DC6-43C1-BD61-9E250FA88480}.Release|Any CPU.ActiveCfg = Release|Any CPU
		{37BB7F67-1DC6-43C1-BD61-9E250FA88480}.Release|Any CPU.Build.0 = Release|Any CPU
		{DBA2E571-C5F8-4AE8-BF53-C49F21A1D212}.Debug|Any CPU.ActiveCfg = Debug|Any CPU
		{DBA2E571-C5F8-4AE8-BF53-C49F21A1D212}.Debug|Any CPU.Build.0 = Debug|Any CPU
		{DBA2E571-C5F8-4AE8-BF53-C49F21A1D212}.Release|Any CPU.ActiveCfg = Release|Any CPU
		{DBA2E571-C5F8-4AE8-BF53-C49F21A1D212}.Release|Any CPU.Build.0 = Release|Any CPU
		{86BCABD8-34E8-46F2-9256-A8233EDD8843}.Debug|Any CPU.ActiveCfg = Debug|Any CPU
		{86BCABD8-34E8-46F2-9256-A8233EDD8843}.Debug|Any CPU.Build.0 = Debug|Any CPU
		{86BCABD8-34E8-46F2-9256-A8233EDD8843}.Release|Any CPU.ActiveCfg = Release|Any CPU
		{86BCABD8-34E8-46F2-9256-A8233EDD8843}.Release|Any CPU.Build.0 = Release|Any CPU
		{56C24EE3-2935-4B1B-AF4F-814E2821FAF4}.Debug|Any CPU.ActiveCfg = Debug|Any CPU
		{56C24EE3-2935-4B1B-AF4F-814E2821FAF4}.Debug|Any CPU.Build.0 = Debug|Any CPU
		{56C24EE3-2935-4B1B-AF4F-814E2821FAF4}.Release|Any CPU.ActiveCfg = Release|Any CPU
		{56C24EE3-2935-4B1B-AF4F-814E2821FAF4}.Release|Any CPU.Build.0 = Release|Any CPU
		{6602556C-F978-4A35-8FDB-08430162EE23}.Debug|Any CPU.ActiveCfg = Debug|Any CPU
		{6602556C-F978-4A35-8FDB-08430162EE23}.Debug|Any CPU.Build.0 = Debug|Any CPU
		{6602556C-F978-4A35-8FDB-08430162EE23}.Release|Any CPU.ActiveCfg = Release|Any CPU
		{6602556C-F978-4A35-8FDB-08430162EE23}.Release|Any CPU.Build.0 = Release|Any CPU
		{6FA1620E-424C-4AE0-85AF-D45740A74422}.Debug|Any CPU.ActiveCfg = Debug|Any CPU
		{6FA1620E-424C-4AE0-85AF-D45740A74422}.Debug|Any CPU.Build.0 = Debug|Any CPU
		{6FA1620E-424C-4AE0-85AF-D45740A74422}.Release|Any CPU.ActiveCfg = Release|Any CPU
		{6FA1620E-424C-4AE0-85AF-D45740A74422}.Release|Any CPU.Build.0 = Release|Any CPU
		{208D4E3A-213A-4366-AE65-5818AD02DA82}.Debug|Any CPU.ActiveCfg = Debug|Any CPU
		{208D4E3A-213A-4366-AE65-5818AD02DA82}.Debug|Any CPU.Build.0 = Debug|Any CPU
		{208D4E3A-213A-4366-AE65-5818AD02DA82}.Release|Any CPU.ActiveCfg = Release|Any CPU
		{208D4E3A-213A-4366-AE65-5818AD02DA82}.Release|Any CPU.Build.0 = Release|Any CPU
		{7E822BEE-057F-4986-B8FA-27AEAAFD87BB}.Debug|Any CPU.ActiveCfg = Debug|Any CPU
		{7E822BEE-057F-4986-B8FA-27AEAAFD87BB}.Debug|Any CPU.Build.0 = Debug|Any CPU
		{7E822BEE-057F-4986-B8FA-27AEAAFD87BB}.Release|Any CPU.ActiveCfg = Release|Any CPU
		{7E822BEE-057F-4986-B8FA-27AEAAFD87BB}.Release|Any CPU.Build.0 = Release|Any CPU
		{D33E5AA2-AC53-4948-8A0C-9C760EB9622F}.Debug|Any CPU.ActiveCfg = Debug|Any CPU
		{D33E5AA2-AC53-4948-8A0C-9C760EB9622F}.Debug|Any CPU.Build.0 = Debug|Any CPU
		{D33E5AA2-AC53-4948-8A0C-9C760EB9622F}.Release|Any CPU.ActiveCfg = Release|Any CPU
		{D33E5AA2-AC53-4948-8A0C-9C760EB9622F}.Release|Any CPU.Build.0 = Release|Any CPU
		{114EE38C-5B7D-4319-8D97-73288141AEA1}.Debug|Any CPU.ActiveCfg = Debug|Any CPU
		{114EE38C-5B7D-4319-8D97-73288141AEA1}.Debug|Any CPU.Build.0 = Debug|Any CPU
		{114EE38C-5B7D-4319-8D97-73288141AEA1}.Release|Any CPU.ActiveCfg = Release|Any CPU
		{114EE38C-5B7D-4319-8D97-73288141AEA1}.Release|Any CPU.Build.0 = Release|Any CPU
		{0B51316A-6BAE-45C5-8B0C-E8312EDB33C7}.Debug|Any CPU.ActiveCfg = Debug|Any CPU
		{0B51316A-6BAE-45C5-8B0C-E8312EDB33C7}.Debug|Any CPU.Build.0 = Debug|Any CPU
		{0B51316A-6BAE-45C5-8B0C-E8312EDB33C7}.Release|Any CPU.ActiveCfg = Release|Any CPU
		{0B51316A-6BAE-45C5-8B0C-E8312EDB33C7}.Release|Any CPU.Build.0 = Release|Any CPU
		{F2E45143-564B-4C79-8A6C-3A1DC68A5537}.Debug|Any CPU.ActiveCfg = Debug|Any CPU
		{F2E45143-564B-4C79-8A6C-3A1DC68A5537}.Debug|Any CPU.Build.0 = Debug|Any CPU
		{F2E45143-564B-4C79-8A6C-3A1DC68A5537}.Release|Any CPU.ActiveCfg = Release|Any CPU
		{F2E45143-564B-4C79-8A6C-3A1DC68A5537}.Release|Any CPU.Build.0 = Release|Any CPU
		{48E2EEC6-277D-4AA3-8739-0D5A9F611B6E}.Debug|Any CPU.ActiveCfg = Debug|Any CPU
		{48E2EEC6-277D-4AA3-8739-0D5A9F611B6E}.Debug|Any CPU.Build.0 = Debug|Any CPU
		{48E2EEC6-277D-4AA3-8739-0D5A9F611B6E}.Release|Any CPU.ActiveCfg = Release|Any CPU
		{48E2EEC6-277D-4AA3-8739-0D5A9F611B6E}.Release|Any CPU.Build.0 = Release|Any CPU
		{2E28CE5A-9AF2-4243-9D14-05A5BDD81DA6}.Debug|Any CPU.ActiveCfg = Debug|Any CPU
		{2E28CE5A-9AF2-4243-9D14-05A5BDD81DA6}.Debug|Any CPU.Build.0 = Debug|Any CPU
		{2E28CE5A-9AF2-4243-9D14-05A5BDD81DA6}.Release|Any CPU.ActiveCfg = Release|Any CPU
		{2E28CE5A-9AF2-4243-9D14-05A5BDD81DA6}.Release|Any CPU.Build.0 = Release|Any CPU
	EndGlobalSection
	GlobalSection(SolutionProperties) = preSolution
		HideSolutionNode = FALSE
	EndGlobalSection
	GlobalSection(ExtensibilityGlobals) = postSolution
		SolutionGuid = {D8578008-B945-4A7F-8E72-C921EF5CA86C}
	EndGlobalSection
EndGlobal
